<?xml version="1.0" encoding="utf-8"?>
<Project ToolsVersion="4.0" xmlns="http://schemas.microsoft.com/developer/msbuild/2003">
  <ItemGroup>
    <Filter Include="Source Files">
      <UniqueIdentifier>{4FC737F1-C7A5-4376-A066-2A32D752A2FF}</UniqueIdentifier>
      <Extensions>cpp;c;cc;cxx;def;odl;idl;hpj;bat;asm;asmx</Extensions>
    </Filter>
    <Filter Include="Header Files">
      <UniqueIdentifier>{93995380-89BD-4b04-88EB-625FBE52EBFB}</UniqueIdentifier>
      <Extensions>h;hh;hpp;hxx;hm;inl;inc;ipp;xsd</Extensions>
    </Filter>
    <Filter Include="Resource Files">
      <UniqueIdentifier>{67DA6AB6-F800-4c08-8B7A-83BB121AAD01}</UniqueIdentifier>
      <Extensions>rc;ico;cur;bmp;dlg;rc2;rct;bin;rgs;gif;jpg;jpeg;jpe;resx;tiff;tif;png;wav;mfcribbon-ms</Extensions>
    </Filter>
  </ItemGroup>
  <ItemGroup>
    <ClCompile Include="Core\Bus\Devices\DeviceManager.cpp">
      <Filter>Source Files</Filter>
    </ClCompile>
    <ClCompile Include="Core\Bus\Devices\DeviceManagerBase.h">
      <Filter>Source Files</Filter>
    </ClCompile>
    <ClCompile Include="Core\Processor\Processor.cpp">
      <Filter>Source Files</Filter>
    </ClCompile>
    <ClCompile Include="Process\Main.cpp">
      <Filter>Source Files</Filter>
    </ClCompile>
    <ClCompile Include="Core\Interrupts\InterruptHandler.cpp">
      <Filter>Source Files</Filter>
    </ClCompile>
    <ClCompile Include="Core\Processor\Timer\Timer.cpp">
      <Filter>Source Files</Filter>
    </ClCompile>
    <ClCompile Include="Core\Processor\Joypad\Joypad.cpp">
      <Filter>Source Files</Filter>
    </ClCompile>
    <ClCompile Include="Core\Processor\Clock\Clock.cpp">
      <Filter>Source Files</Filter>
    </ClCompile>
  </ItemGroup>
  <ItemGroup>
    <ClInclude Include="Tools\Tools.h">
      <Filter>Header Files</Filter>
    </ClInclude>
    <ClInclude Include="Tools\not_null.h">
      <Filter>Header Files</Filter>
    </ClInclude>
    <ClInclude Include="Core\API\Memory\Device\IMemoryDeviceAccess.h">
      <Filter>Header Files</Filter>
    </ClInclude>
    <ClInclude Include="Core\API\Memory\MemoryBase.h">
      <Filter>Header Files</Filter>
    </ClInclude>
    <ClInclude Include="Core\API\Memory\Device\MemoryDeviceBase.h">
      <Filter>Header Files</Filter>
    </ClInclude>
    <ClInclude Include="Core\API\Memory\Device\MemoryDeviceOperations.h">
      <Filter>Header Files</Filter>
    </ClInclude>
    <ClInclude Include="Core\API\Definitions.h">
      <Filter>Header Files</Filter>
    </ClInclude>
    <ClInclude Include="Core\LR35902\Definitions.h">
      <Filter>Header Files</Filter>
    </ClInclude>
    <ClInclude Include="Core\API\Registers\RegisterPair.h">
      <Filter>Header Files</Filter>
    </ClInclude>
    <ClInclude Include="Core\Bus\Devices\DeviceManager.h">
      <Filter>Header Files</Filter>
    </ClInclude>
    <ClInclude Include="Core\Bus\Bus.h">
      <Filter>Header Files</Filter>
    </ClInclude>
    <ClInclude Include="Core\Memory\Device\CartridgeRAM.h">
      <Filter>Header Files</Filter>
    </ClInclude>
    <ClInclude Include="Core\Memory\Device\CloneWorkRAM.h">
      <Filter>Header Files</Filter>
    </ClInclude>
    <ClInclude Include="Core\Memory\Device\ExternalRAM.h">
      <Filter>Header Files</Filter>
    </ClInclude>
    <ClInclude Include="Core\Memory\Device\HighRAM.h">
      <Filter>Header Files</Filter>
    </ClInclude>
    <ClInclude Include="Core\Memory\Device\InterruptSwitch.h">
      <Filter>Header Files</Filter>
    </ClInclude>
    <ClInclude Include="Core\Memory\Device\IORAM.h">
      <Filter>Header Files</Filter>
    </ClInclude>
    <ClInclude Include="Core\Memory\Device\OAMRAM.h">
      <Filter>Header Files</Filter>
    </ClInclude>
    <ClInclude Include="Core\Memory\Device\VideoRAM.h">
      <Filter>Header Files</Filter>
    </ClInclude>
    <ClInclude Include="Core\Memory\Device\WorkRAM.h">
      <Filter>Header Files</Filter>
    </ClInclude>
    <ClInclude Include="Core\Memory\Memory.h">
      <Filter>Header Files</Filter>
    </ClInclude>
    <ClInclude Include="Core\Processor\Instruction\Instruction.h">
      <Filter>Header Files</Filter>
    </ClInclude>
    <ClInclude Include="Core\Processor\Instruction\InstructionLookupTable.h">
      <Filter>Header Files</Filter>
    </ClInclude>
    <ClInclude Include="Core\Processor\Processor.h">
      <Filter>Header Files</Filter>
    </ClInclude>
    <ClInclude Include="Core\Registers\Logic\RegisterEngine.h">
      <Filter>Header Files</Filter>
    </ClInclude>
    <ClInclude Include="Core\Registers\Types\ArithmeticRegisters.h">
      <Filter>Header Files</Filter>
    </ClInclude>
    <ClInclude Include="Core\Registers\Types\EFLRegisters.h">
      <Filter>Header Files</Filter>
    </ClInclude>
    <ClInclude Include="Core\Registers\Types\InstructionRegisters.h">
      <Filter>Header Files</Filter>
    </ClInclude>
    <ClInclude Include="Core\Registers\Types\LogicRegisters.h">
      <Filter>Header Files</Filter>
    </ClInclude>
    <ClInclude Include="Core\Registers\Types\StackRegisters.h">
      <Filter>Header Files</Filter>
    </ClInclude>
    <ClInclude Include="Core\Registers\RegisterBase.h">
      <Filter>Header Files</Filter>
    </ClInclude>
    <ClInclude Include="Core\Processor\Instruction\Generated\ADC.h">
      <Filter>Header Files</Filter>
    </ClInclude>
    <ClInclude Include="Core\Processor\Instruction\Generated\ADD.h">
      <Filter>Header Files</Filter>
    </ClInclude>
    <ClInclude Include="Core\Processor\Instruction\Generated\AND.h">
      <Filter>Header Files</Filter>
    </ClInclude>
    <ClInclude Include="Core\Processor\Instruction\Generated\CALL.h">
      <Filter>Header Files</Filter>
    </ClInclude>
    <ClInclude Include="Core\Processor\Instruction\Generated\CCF.h">
      <Filter>Header Files</Filter>
    </ClInclude>
    <ClInclude Include="Core\Processor\Instruction\Generated\CP.h">
      <Filter>Header Files</Filter>
    </ClInclude>
    <ClInclude Include="Core\Processor\Instruction\Generated\CPL.h">
      <Filter>Header Files</Filter>
    </ClInclude>
    <ClInclude Include="Core\Processor\Instruction\Generated\DAA.h">
      <Filter>Header Files</Filter>
    </ClInclude>
    <ClInclude Include="Core\Processor\Instruction\Generated\DEC.h">
      <Filter>Header Files</Filter>
    </ClInclude>
    <ClInclude Include="Core\Processor\Instruction\Generated\DI.h">
      <Filter>Header Files</Filter>
    </ClInclude>
    <ClInclude Include="Core\Processor\Instruction\Generated\EI.h">
      <Filter>Header Files</Filter>
    </ClInclude>
    <ClInclude Include="Core\Processor\Instruction\Generated\HALT.h">
      <Filter>Header Files</Filter>
    </ClInclude>
    <ClInclude Include="Core\Processor\Instruction\Generated\INC.h">
      <Filter>Header Files</Filter>
    </ClInclude>
    <ClInclude Include="Core\Processor\Instruction\Generated\JP.h">
      <Filter>Header Files</Filter>
    </ClInclude>
    <ClInclude Include="Core\Processor\Instruction\Generated\JR.h">
      <Filter>Header Files</Filter>
    </ClInclude>
    <ClInclude Include="Core\Processor\Instruction\Generated\LD.h">
      <Filter>Header Files</Filter>
    </ClInclude>
    <ClInclude Include="Core\Processor\Instruction\Generated\LDH.h">
      <Filter>Header Files</Filter>
    </ClInclude>
    <ClInclude Include="Core\Processor\Instruction\Generated\NOP.h">
      <Filter>Header Files</Filter>
    </ClInclude>
    <ClInclude Include="Core\Processor\Instruction\Generated\OR.h">
      <Filter>Header Files</Filter>
    </ClInclude>
    <ClInclude Include="Core\Processor\Instruction\Generated\POP.h">
      <Filter>Header Files</Filter>
    </ClInclude>
    <ClInclude Include="Core\Processor\Instruction\Generated\PREFIX.h">
      <Filter>Header Files</Filter>
    </ClInclude>
    <ClInclude Include="Core\Processor\Instruction\Generated\PUSH.h">
      <Filter>Header Files</Filter>
    </ClInclude>
    <ClInclude Include="Core\Processor\Instruction\Generated\RET.h">
      <Filter>Header Files</Filter>
    </ClInclude>
    <ClInclude Include="Core\Processor\Instruction\Generated\RETI.h">
      <Filter>Header Files</Filter>
    </ClInclude>
    <ClInclude Include="Core\Processor\Instruction\Generated\RLA.h">
      <Filter>Header Files</Filter>
    </ClInclude>
    <ClInclude Include="Core\Processor\Instruction\Generated\RLCA.h">
      <Filter>Header Files</Filter>
    </ClInclude>
    <ClInclude Include="Core\Processor\Instruction\Generated\RRA.h">
      <Filter>Header Files</Filter>
    </ClInclude>
    <ClInclude Include="Core\Processor\Instruction\Generated\RRCA.h">
      <Filter>Header Files</Filter>
    </ClInclude>
    <ClInclude Include="Core\Processor\Instruction\Generated\RST.h">
      <Filter>Header Files</Filter>
    </ClInclude>
    <ClInclude Include="Core\Processor\Instruction\Generated\SBC.h">
      <Filter>Header Files</Filter>
    </ClInclude>
    <ClInclude Include="Core\Processor\Instruction\Generated\SCF.h">
      <Filter>Header Files</Filter>
    </ClInclude>
    <ClInclude Include="Core\Processor\Instruction\Generated\STOP.h">
      <Filter>Header Files</Filter>
    </ClInclude>
    <ClInclude Include="Core\Processor\Instruction\Generated\SUB.h">
      <Filter>Header Files</Filter>
    </ClInclude>
    <ClInclude Include="Core\Processor\Instruction\Generated\XOR.h">
      <Filter>Header Files</Filter>
    </ClInclude>
    <ClInclude Include="Core\Processor\Instruction\Shortcuts.h">
      <Filter>Header Files</Filter>
    </ClInclude>
    <ClInclude Include="Core\Loader\BinaryLoader.h">
      <Filter>Header Files</Filter>
    </ClInclude>
    <ClInclude Include="Core\Loader\GameLoader\GameLoader.h">
      <Filter>Header Files</Filter>
    </ClInclude>
    <ClInclude Include="Core\Processor\Prefix\PrefixLookupTable.h">
      <Filter>Header Files</Filter>
    </ClInclude>
    <ClInclude Include="Core\Processor\Prefix\Generated\BIT.h">
      <Filter>Header Files</Filter>
    </ClInclude>
    <ClInclude Include="Core\Processor\Prefix\Generated\RES.h">
      <Filter>Header Files</Filter>
    </ClInclude>
    <ClInclude Include="Core\Processor\Prefix\Generated\RL.h">
      <Filter>Header Files</Filter>
    </ClInclude>
    <ClInclude Include="Core\Processor\Prefix\Generated\RLC.h">
      <Filter>Header Files</Filter>
    </ClInclude>
    <ClInclude Include="Core\Processor\Prefix\Generated\RR.h">
      <Filter>Header Files</Filter>
    </ClInclude>
    <ClInclude Include="Core\Processor\Prefix\Generated\RRC.h">
      <Filter>Header Files</Filter>
    </ClInclude>
    <ClInclude Include="Core\Processor\Prefix\Generated\SET.h">
      <Filter>Header Files</Filter>
    </ClInclude>
    <ClInclude Include="Core\Processor\Prefix\Generated\SLA.h">
      <Filter>Header Files</Filter>
    </ClInclude>
    <ClInclude Include="Core\Processor\Prefix\Generated\SRA.h">
      <Filter>Header Files</Filter>
    </ClInclude>
    <ClInclude Include="Core\Processor\Prefix\Generated\SRL.h">
      <Filter>Header Files</Filter>
    </ClInclude>
    <ClInclude Include="Core\Processor\Prefix\Generated\SWAP.h">
      <Filter>Header Files</Filter>
    </ClInclude>
    <ClInclude Include="Core\Interrupts\InterruptHandler.h">
      <Filter>Header Files</Filter>
    </ClInclude>
    <ClInclude Include="Core\Registers\Memory\MemoryRegister.h">
      <Filter>Header Files</Filter>
    </ClInclude>
    <ClInclude Include="Core\API\StaticInstance.h">
      <Filter>Header Files</Filter>
    </ClInclude>
    <ClInclude Include="Core\Interrupts\Registers\InterruptEnable.h">
      <Filter>Header Files</Filter>
    </ClInclude>
    <ClInclude Include="Core\Interrupts\Registers\InterruptFlag.h">
      <Filter>Header Files</Filter>
    </ClInclude>
    <ClInclude Include="Core\Interrupts\Interrupt.h">
      <Filter>Header Files</Filter>
    </ClInclude>
    <ClInclude Include="Core\Interrupts\Types\VBlank.h">
      <Filter>Header Files</Filter>
    </ClInclude>
    <ClInclude Include="Core\Interrupts\Types\LCDC.h">
      <Filter>Header Files</Filter>
    </ClInclude>
    <ClInclude Include="Core\Interrupts\Types\Timer.h">
      <Filter>Header Files</Filter>
    </ClInclude>
    <ClInclude Include="Core\Interrupts\Types\Serial.h">
      <Filter>Header Files</Filter>
    </ClInclude>
    <ClInclude Include="Core\Interrupts\Types\HighLowPinNumber.h">
      <Filter>Header Files</Filter>
    </ClInclude>
    <ClInclude Include="Core\Processor\Timer\Timer.h">
      <Filter>Header Files</Filter>
    </ClInclude>
    <ClInclude Include="Core\Processor\Timer\Registers\DividerRegister.h">
      <Filter>Header Files</Filter>
    </ClInclude>
    <ClInclude Include="Core\Processor\Timer\Registers\TimerCounter.h">
      <Filter>Header Files</Filter>
    </ClInclude>
    <ClInclude Include="Core\Processor\Timer\Registers\TimerModulo.h">
      <Filter>Header Files</Filter>
    </ClInclude>
    <ClInclude Include="Core\Processor\Timer\Registers\TimerControl.h">
      <Filter>Header Files</Filter>
    </ClInclude>
    <ClInclude Include="Core\Processor\Joypad\Registers\JoypadRegister.h">
      <Filter>Header Files</Filter>
    </ClInclude>
    <ClInclude Include="Core\Processor\Joypad\Joypad.h">
      <Filter>Header Files</Filter>
    </ClInclude>
    <ClInclude Include="Core\Processor\Clock\Clock.h">
      <Filter>Header Files</Filter>
    </ClInclude>
    <ClInclude Include="Core\Interrupts\Flags\IME.h">
      <Filter>Header Files</Filter>
    </ClInclude>
    <ClInclude Include="Core\LR35902\Boot.h">
      <Filter>Header Files</Filter>
    </ClInclude>
    <ClInclude Include="Core\Memory\Device\UnusedRAM.h">
      <Filter>Header Files</Filter>
    </ClInclude>
  </ItemGroup>
  <ItemGroup>
    <None Include="Tools\Basic Scripts\GeneratingImplementationsScript.py" />
    <None Include="Tools\Basic Scripts\GeneratingInstructionLookupScript.py" />
    <None Include="Tools\Basic Scripts\GeneratingPrefixLookupTable.py" />
    <None Include="Tools\Basic Scripts\GeneratingImplementationsPrefixScript.py" />
    <None Include="BootROM\tetris.gb" />
    <None Include="BootROM\cpu_instrs.gb" />
    <None Include="packages.config" />
    <None Include="BootROM\01special.gb" />
    <None Include="BootROM\02interrupts.gb" />
  </ItemGroup>
</Project>